
Microsoft Visual Studio Solution File, Format Version 12.00
# Visual Studio Version 17
VisualStudioVersion = 17.2.32616.157
MinimumVisualStudioVersion = 10.0.40219.1
Project("{FAE04EC0-301F-11D3-BF4B-00C04F79EFBC}") = "Lab_3_1_17", "Lab_3_1_17.csproj", "{A5C45DDA-2540-436E-BD7D-0F828A9993F4}"
EndProject
Global
	GlobalSection(SolutionConfigurationPlatforms) = preSolution
		Debug|Any CPU = Debug|Any CPU
		Release|Any CPU = Release|Any CPU
	EndGlobalSection
	GlobalSection(ProjectConfigurationPlatforms) = postSolution
		{A5C45DDA-2540-436E-BD7D-0F828A9993F4}.Debug|Any CPU.ActiveCfg = Debug|Any CPU
		{A5C45DDA-2540-436E-BD7D-0F828A9993F4}.Debug|Any CPU.Build.0 = Debug|Any CPU
		{A5C45DDA-2540-436E-BD7D-0F828A9993F4}.Release|Any CPU.ActiveCfg = Release|Any CPU
		{A5C45DDA-2540-436E-BD7D-0F828A9993F4}.Release|Any CPU.Build.0 = Release|Any CPU
	EndGlobalSection
	GlobalSection(SolutionProperties) = preSolution
		HideSolutionNode = FALSE
	EndGlobalSection
	GlobalSection(ExtensibilityGlobals) = postSolution
		SolutionGuid = {0B11A21F-048B-4024-90F9-F428AEEF717F}
	EndGlobalSection
EndGlobal
